<?xml version="1.0" encoding="utf-8"?>
<Project ToolsVersion="4.0" xmlns="http://schemas.microsoft.com/developer/msbuild/2003">
  <ItemGroup>
    <Filter Include="Astral">
      <UniqueIdentifier>{6CE5E0A7-5887-0B7E-4142-1FD22D8392CE}</UniqueIdentifier>
    </Filter>
    <Filter Include="Astral\Application">
      <UniqueIdentifier>{2FA335B8-1B87-F60D-84E7-F06070EAE08F}</UniqueIdentifier>
    </Filter>
    <Filter Include="Astral\Events">
      <UniqueIdentifier>{D0BF8866-3C80-049D-05BB-4D1A713A4979}</UniqueIdentifier>
    </Filter>
    <Filter Include="Astral\Layers">
      <UniqueIdentifier>{ABAA6B75-176B-E7AB-E0A5-30294C252C88}</UniqueIdentifier>
    </Filter>
    <Filter Include="Astral\Logging">
      <UniqueIdentifier>{02724442-EE3F-3848-D7D3-A86EC34014AD}</UniqueIdentifier>
    </Filter>
    <Filter Include="Astral\Window">
      <UniqueIdentifier>{D3209F8F-3FE1-1AC6-081C-6443749B5FA2}</UniqueIdentifier>
    </Filter>
  </ItemGroup>
  <ItemGroup>
    <ClInclude Include="src\Astral.h" />
    <ClInclude Include="src\Astral\Application\Application.h">
      <Filter>Astral\Application</Filter>
    </ClInclude>
    <ClInclude Include="src\Astral\Core.h">
      <Filter>Astral</Filter>
    </ClInclude>
    <ClInclude Include="src\Astral\EntryPoint.h">
      <Filter>Astral</Filter>
    </ClInclude>
    <ClInclude Include="src\Astral\Events\Event.h">
      <Filter>Astral\Events</Filter>
    </ClInclude>
    <ClInclude Include="src\Astral\Events\EventDispatcher.h">
      <Filter>Astral\Events</Filter>
    </ClInclude>
    <ClInclude Include="src\Astral\Layers\ALayer.h">
      <Filter>Astral\Layers</Filter>
    </ClInclude>
    <ClInclude Include="src\Astral\Layers\LayerStack.h">
      <Filter>Astral\Layers</Filter>
    </ClInclude>
    <ClInclude Include="src\Astral\Logging\Log.h">
      <Filter>Astral\Logging</Filter>
    </ClInclude>
    <ClInclude Include="src\Astral\Window\Window.h">
      <Filter>Astral\Window</Filter>
    </ClInclude>
    <ClInclude Include="src\Common.h" />
  </ItemGroup>
  <ItemGroup>
    <ClCompile Include="src\Astral\Application\Application.cpp">
      <Filter>Astral\Application</Filter>
    </ClCompile>
    <ClCompile Include="src\Astral\Events\Event.cpp">
      <Filter>Astral\Events</Filter>
    </ClCompile>
    <ClCompile Include="src\Astral\Layers\LayerStack.cpp">
      <Filter>Astral\Layers</Filter>
    </ClCompile>
    <ClCompile Include="src\Astral\Logging\Log.cpp">
      <Filter>Astral\Logging</Filter>
    </ClCompile>
    <ClCompile Include="src\Astral\Window\Window.cpp">
      <Filter>Astral\Window</Filter>
    </ClCompile>
    <ClCompile Include="src\Common.cpp" />
  </ItemGroup>
</Project>